
Microsoft Visual Studio Solution File, Format Version 12.00
# Visual Studio 15
VisualStudioVersion = 15.0.28010.2003
MinimumVisualStudioVersion = 10.0.40219.1
Project("{FAE04EC0-301F-11D3-BF4B-00C04F79EFBC}") = "Apafa", "Apafa\Apafa.csproj", "{1AE51A2F-BACE-4942-81BA-06D792027A8F}"
EndProject
Project("{FAE04EC0-301F-11D3-BF4B-00C04F79EFBC}") = "DA", "DA\DA.csproj", "{CACD4CF6-994E-42E4-9FF4-FB4ABCD2D0B9}"
EndProject
Project("{FAE04EC0-301F-11D3-BF4B-00C04F79EFBC}") = "BL", "BL\BL.csproj", "{9FF6101D-57B7-4C2C-A048-14C613C09A27}"
EndProject
Global
	GlobalSection(SolutionConfigurationPlatforms) = preSolution
		Debug|Any CPU = Debug|Any CPU
		Release|Any CPU = Release|Any CPU
	EndGlobalSection
	GlobalSection(ProjectConfigurationPlatforms) = postSolution
		{1AE51A2F-BACE-4942-81BA-06D792027A8F}.Debug|Any CPU.ActiveCfg = Debug|Any CPU
		{1AE51A2F-BACE-4942-81BA-06D792027A8F}.Debug|Any CPU.Build.0 = Debug|Any CPU
		{1AE51A2F-BACE-4942-81BA-06D792027A8F}.Release|Any CPU.ActiveCfg = Release|Any CPU
		{1AE51A2F-BACE-4942-81BA-06D792027A8F}.Release|Any CPU.Build.0 = Release|Any CPU
		{CACD4CF6-994E-42E4-9FF4-FB4ABCD2D0B9}.Debug|Any CPU.ActiveCfg = Debug|Any CPU
		{CACD4CF6-994E-42E4-9FF4-FB4ABCD2D0B9}.Debug|Any CPU.Build.0 = Debug|Any CPU
		{CACD4CF6-994E-42E4-9FF4-FB4ABCD2D0B9}.Release|Any CPU.ActiveCfg = Release|Any CPU
		{CACD4CF6-994E-42E4-9FF4-FB4ABCD2D0B9}.Release|Any CPU.Build.0 = Release|Any CPU
		{9FF6101D-57B7-4C2C-A048-14C613C09A27}.Debug|Any CPU.ActiveCfg = Debug|Any CPU
		{9FF6101D-57B7-4C2C-A048-14C613C09A27}.Debug|Any CPU.Build.0 = Debug|Any CPU
		{9FF6101D-57B7-4C2C-A048-14C613C09A27}.Release|Any CPU.ActiveCfg = Release|Any CPU
		{9FF6101D-57B7-4C2C-A048-14C613C09A27}.Release|Any CPU.Build.0 = Release|Any CPU
	EndGlobalSection
	GlobalSection(SolutionProperties) = preSolution
		HideSolutionNode = FALSE
	EndGlobalSection
	GlobalSection(ExtensibilityGlobals) = postSolution
		SolutionGuid = {23302FC1-BFB8-4D9F-B568-B1512796B672}
	EndGlobalSection
EndGlobal
